{
  "object": {
    "pins": [
      {
        "package": "swift-syntax",
        "repositoryURL": "https://github.com/swiftlang/swift-syntax.git",
        "state": {
          "branch": null,
          "revision": "21b3b45635decd1a0b89968f81b6d9a93128f773",
          "version": "602.0.0-prerelease-2025-08-11"
        }
      }
    ]
  },
  "version": 1
}
